// !$*UTF8*$!
{
	archiveVersion = 1;
	classes = {
	};
	objectVersion = 50;
	objects = {

/* Begin PBXBuildFile section */
		A5D36B4127338EC800A05948 /* AppDelegate.swift in Sources */ = {isa = PBXBuildFile; fileRef = A5D36B4027338EC800A05948 /* AppDelegate.swift */; };
		A5D36B4327338EC800A05948 /* SceneDelegate.swift in Sources */ = {isa = PBXBuildFile; fileRef = A5D36B4227338EC800A05948 /* SceneDelegate.swift */; };
		A5D36B4527338EC800A05948 /* ContentView.swift in Sources */ = {isa = PBXBuildFile; fileRef = A5D36B4427338EC800A05948 /* ContentView.swift */; };
		A5D36B4727338ECA00A05948 /* Assets.xcassets in Resources */ = {isa = PBXBuildFile; fileRef = A5D36B4627338ECA00A05948 /* Assets.xcassets */; };
		A5D36B4A27338ECA00A05948 /* Preview Assets.xcassets in Resources */ = {isa = PBXBuildFile; fileRef = A5D36B4927338ECA00A05948 /* Preview Assets.xcassets */; };
		A5D36B4D27338ECA00A05948 /* LaunchScreen.storyboard in Resources */ = {isa = PBXBuildFile; fileRef = A5D36B4B27338ECA00A05948 /* LaunchScreen.storyboard */; };
		A5D36B5827338ECA00A05948 /* PrototipoTests.swift in Sources */ = {isa = PBXBuildFile; fileRef = A5D36B5727338ECA00A05948 /* PrototipoTests.swift */; };
		A5D36B6327338ECA00A05948 /* PrototipoUITests.swift in Sources */ = {isa = PBXBuildFile; fileRef = A5D36B6227338ECA00A05948 /* PrototipoUITests.swift */; };
/* End PBXBuildFile section */

/* Begin PBXContainerItemProxy section */
		A5D36B5427338ECA00A05948 /* PBXContainerItemProxy */ = {
			isa = PBXContainerItemProxy;
			containerPortal = A5D36B3527338EC800A05948 /* Project object */;
			proxyType = 1;
			remoteGlobalIDString = A5D36B3C27338EC800A05948;
			remoteInfo = Prototipo;
		};
		A5D36B5F27338ECA00A05948 /* PBXContainerItemProxy */ = {
			isa = PBXContainerItemProxy;
			containerPortal = A5D36B3527338EC800A05948 /* Project object */;
			proxyType = 1;
			remoteGlobalIDString = A5D36B3C27338EC800A05948;
			remoteInfo = Prototipo;
		};
/* End PBXContainerItemProxy section */

/* Begin PBXFileReference section */
		A5D36B3D27338EC800A05948 /* Prototipo.app */ = {isa = PBXFileReference; explicitFileType = wrapper.application; includeInIndex = 0; path = Prototipo.app; sourceTree = BUILT_PRODUCTS_DIR; };
		A5D36B4027338EC800A05948 /* AppDelegate.swift */ = {isa = PBXFileReference; lastKnownFileType = sourcecode.swift; path = AppDelegate.swift; sourceTree = "<group>"; };
		A5D36B4227338EC800A05948 /* SceneDelegate.swift */ = {isa = PBXFileReference; lastKnownFileType = sourcecode.swift; path = SceneDelegate.swift; sourceTree = "<group>"; };
		A5D36B4427338EC800A05948 /* ContentView.swift */ = {isa = PBXFileReference; lastKnownFileType = sourcecode.swift; path = ContentView.swift; sourceTree = "<group>"; };
		A5D36B4627338ECA00A05948 /* Assets.xcassets */ = {isa = PBXFileReference; lastKnownFileType = folder.assetcatalog; path = Assets.xcassets; sourceTree = "<group>"; };
		A5D36B4927338ECA00A05948 /* Preview Assets.xcassets */ = {isa = PBXFileReference; lastKnownFileType = folder.assetcatalog; path = "Preview Assets.xcassets"; sourceTree = "<group>"; };
		A5D36B4C27338ECA00A05948 /* Base */ = {isa = PBXFileReference; lastKnownFileType = file.storyboard; name = Base; path = Base.lproj/LaunchScreen.storyboard; sourceTree = "<group>"; };
		A5D36B4E27338ECA00A05948 /* Info.plist */ = {isa = PBXFileReference; lastKnownFileType = text.plist.xml; path = Info.plist; sourceTree = "<group>"; };
		A5D36B5327338ECA00A05948 /* PrototipoTests.xctest */ = {isa = PBXFileReference; explicitFileType = wrapper.cfbundle; includeInIndex = 0; path = PrototipoTests.xctest; sourceTree = BUILT_PRODUCTS_DIR; };
		A5D36B5727338ECA00A05948 /* PrototipoTests.swift */ = {isa = PBXFileReference; lastKnownFileType = sourcecode.swift; path = PrototipoTests.swift; sourceTree = "<group>"; };
		A5D36B5927338ECA00A05948 /* Info.plist */ = {isa = PBXFileReference; lastKnownFileType = text.plist.xml; path = Info.plist; sourceTree = "<group>"; };
		A5D36B5E27338ECA00A05948 /* PrototipoUITests.xctest */ = {isa = PBXFileReference; explicitFileType = wrapper.cfbundle; includeInIndex = 0; path = PrototipoUITests.xctest; sourceTree = BUILT_PRODUCTS_DIR; };
		A5D36B6227338ECA00A05948 /* PrototipoUITests.swift */ = {isa = PBXFileReference; lastKnownFileType = sourcecode.swift; path = PrototipoUITests.swift; sourceTree = "<group>"; };
		A5D36B6427338ECA00A05948 /* Info.plist */ = {isa = PBXFileReference; lastKnownFileType = text.plist.xml; path = Info.plist; sourceTree = "<group>"; };
/* End PBXFileReference section */

/* Begin PBXFrameworksBuildPhase section */
		A5D36B3A27338EC800A05948 /* Frameworks */ = {
			isa = PBXFrameworksBuildPhase;
			buildActionMask = 2147483647;
			files = (
			);
			runOnlyForDeploymentPostprocessing = 0;
		};
		A5D36B5027338ECA00A05948 /* Frameworks */ = {
			isa = PBXFrameworksBuildPhase;
			buildActionMask = 2147483647;
			files = (
			);
			runOnlyForDeploymentPostprocessing = 0;
		};
		A5D36B5B27338ECA00A05948 /* Frameworks */ = {
			isa = PBXFrameworksBuildPhase;
			buildActionMask = 2147483647;
			files = (
			);
			runOnlyForDeploymentPostprocessing = 0;
		};
/* End PBXFrameworksBuildPhase section */

/* Begin PBXGroup section */
		A5D36B3427338EC800A05948 = {
			isa = PBXGroup;
			children = (
				A5D36B3F27338EC800A05948 /* Prototipo */,
				A5D36B5627338ECA00A05948 /* PrototipoTests */,
				A5D36B6127338ECA00A05948 /* PrototipoUITests */,
				A5D36B3E27338EC800A05948 /* Products */,
			);
			sourceTree = "<group>";
		};
		A5D36B3E27338EC800A05948 /* Products */ = {
			isa = PBXGroup;
			children = (
				A5D36B3D27338EC800A05948 /* Prototipo.app */,
				A5D36B5327338ECA00A05948 /* PrototipoTests.xctest */,
				A5D36B5E27338ECA00A05948 /* PrototipoUITests.xctest */,
			);
			name = Products;
			sourceTree = "<group>";
		};
		A5D36B3F27338EC800A05948 /* Prototipo */ = {
			isa = PBXGroup;
			children = (
				A5D36B4027338EC800A05948 /* AppDelegate.swift */,
				A5D36B4227338EC800A05948 /* SceneDelegate.swift */,
				A5D36B4427338EC800A05948 /* ContentView.swift */,
				A5D36B4627338ECA00A05948 /* Assets.xcassets */,
				A5D36B4B27338ECA00A05948 /* LaunchScreen.storyboard */,
				A5D36B4E27338ECA00A05948 /* Info.plist */,
				A5D36B4827338ECA00A05948 /* Preview Content */,
			);
			path = Prototipo;
			sourceTree = "<group>";
		};
		A5D36B4827338ECA00A05948 /* Preview Content */ = {
			isa = PBXGroup;
			children = (
				A5D36B4927338ECA00A05948 /* Preview Assets.xcassets */,
			);
			path = "Preview Content";
			sourceTree = "<group>";
		};
		A5D36B5627338ECA00A05948 /* PrototipoTests */ = {
			isa = PBXGroup;
			children = (
				A5D36B5727338ECA00A05948 /* PrototipoTests.swift */,
				A5D36B5927338ECA00A05948 /* Info.plist */,
			);
			path = PrototipoTests;
			sourceTree = "<group>";
		};
		A5D36B6127338ECA00A05948 /* PrototipoUITests */ = {
			isa = PBXGroup;
			children = (
				A5D36B6227338ECA00A05948 /* PrototipoUITests.swift */,
				A5D36B6427338ECA00A05948 /* Info.plist */,
			);
			path = PrototipoUITests;
			sourceTree = "<group>";
		};
/* End PBXGroup section */

/* Begin PBXNativeTarget section */
		A5D36B3C27338EC800A05948 /* Prototipo */ = {
			isa = PBXNativeTarget;
			buildConfigurationList = A5D36B6727338ECA00A05948 /* Build configuration list for PBXNativeTarget "Prototipo" */;
			buildPhases = (
				A5D36B3927338EC800A05948 /* Sources */,
				A5D36B3A27338EC800A05948 /* Frameworks */,
				A5D36B3B27338EC800A05948 /* Resources */,
			);
			buildRules = (
			);
			dependencies = (
			);
			name = Prototipo;
			productName = Prototipo;
			productReference = A5D36B3D27338EC800A05948 /* Prototipo.app */;
			productType = "com.apple.product-type.application";
		};
		A5D36B5227338ECA00A05948 /* PrototipoTests */ = {
			isa = PBXNativeTarget;
			buildConfigurationList = A5D36B6A27338ECA00A05948 /* Build configuration list for PBXNativeTarget "PrototipoTests" */;
			buildPhases = (
				A5D36B4F27338ECA00A05948 /* Sources */,
				A5D36B5027338ECA00A05948 /* Frameworks */,
				A5D36B5127338ECA00A05948 /* Resources */,
			);
			buildRules = (
			);
			dependencies = (
				A5D36B5527338ECA00A05948 /* PBXTargetDependency */,
			);
			name = PrototipoTests;
			productName = PrototipoTests;
			productReference = A5D36B5327338ECA00A05948 /* PrototipoTests.xctest */;
			productType = "com.apple.product-type.bundle.unit-test";
		};
		A5D36B5D27338ECA00A05948 /* PrototipoUITests */ = {
			isa = PBXNativeTarget;
			buildConfigurationList = A5D36B6D27338ECA00A05948 /* Build configuration list for PBXNativeTarget "PrototipoUITests" */;
			buildPhases = (
				A5D36B5A27338ECA00A05948 /* Sources */,
				A5D36B5B27338ECA00A05948 /* Frameworks */,
				A5D36B5C27338ECA00A05948 /* Resources */,
			);
			buildRules = (
			);
			dependencies = (
				A5D36B6027338ECA00A05948 /* PBXTargetDependency */,
			);
			name = PrototipoUITests;
			productName = PrototipoUITests;
			productReference = A5D36B5E27338ECA00A05948 /* PrototipoUITests.xctest */;
			productType = "com.apple.product-type.bundle.ui-testing";
		};
/* End PBXNativeTarget section */

/* Begin PBXProject section */
		A5D36B3527338EC800A05948 /* Project object */ = {
			isa = PBXProject;
			attributes = {
				LastSwiftUpdateCheck = 1130;
				LastUpgradeCheck = 1130;
				ORGANIZATIONNAME = user190613;
				TargetAttributes = {
					A5D36B3C27338EC800A05948 = {
						CreatedOnToolsVersion = 11.3.1;
					};
					A5D36B5227338ECA00A05948 = {
						CreatedOnToolsVersion = 11.3.1;
						TestTargetID = A5D36B3C27338EC800A05948;
					};
					A5D36B5D27338ECA00A05948 = {
						CreatedOnToolsVersion = 11.3.1;
						TestTargetID = A5D36B3C27338EC800A05948;
					};
				};
			};
			buildConfigurationList = A5D36B3827338EC800A05948 /* Build configuration list for PBXProject "Prototipo" */;
			compatibilityVersion = "Xcode 9.3";
			developmentRegion = en;
			hasScannedForEncodings = 0;
			knownRegions = (
				en,
				Base,
			);
			mainGroup = A5D36B3427338EC800A05948;
			productRefGroup = A5D36B3E27338EC800A05948 /* Products */;
			projectDirPath = "";
			projectRoot = "";
			targets = (
				A5D36B3C27338EC800A05948 /* Prototipo */,
				A5D36B5227338ECA00A05948 /* PrototipoTests */,
				A5D36B5D27338ECA00A05948 /* PrototipoUITests */,
			);
		};
/* End PBXProject section */

/* Begin PBXResourcesBuildPhase section */
		A5D36B3B27338EC800A05948 /* Resources */ = {
			isa = PBXResourcesBuildPhase;
			buildActionMask = 2147483647;
			files = (
				A5D36B4D27338ECA00A05948 /* LaunchScreen.storyboard in Resources */,
				A5D36B4A27338ECA00A05948 /* Preview Assets.xcassets in Resources */,
				A5D36B4727338ECA00A05948 /* Assets.xcassets in Resources */,
			);
			runOnlyForDeploymentPostprocessing = 0;
		};
		A5D36B5127338ECA00A05948 /* Resources */ = {
			isa = PBXResourcesBuildPhase;
			buildActionMask = 2147483647;
			files = (
			);
			runOnlyForDeploymentPostprocessing = 0;
		};
		A5D36B5C27338ECA00A05948 /* Resources */ = {
			isa = PBXResourcesBuildPhase;
			buildActionMask = 2147483647;
			files = (
			);
			runOnlyForDeploymentPostprocessing = 0;
		};
/* End PBXResourcesBuildPhase section */

/* Begin PBXSourcesBuildPhase section */
		A5D36B3927338EC800A05948 /* Sources */ = {
			isa = PBXSourcesBuildPhase;
			buildActionMask = 2147483647;
			files = (
				A5D36B4127338EC800A05948 /* AppDelegate.swift in Sources */,
				A5D36B4327338EC800A05948 /* SceneDelegate.swift in Sources */,
				A5D36B4527338EC800A05948 /* ContentView.swift in Sources */,
			);
			runOnlyForDeploymentPostprocessing = 0;
		};
		A5D36B4F27338ECA00A05948 /* Sources */ = {
			isa = PBXSourcesBuildPhase;
			buildActionMask = 2147483647;
			files = (
				A5D36B5827338ECA00A05948 /* PrototipoTests.swift in Sources */,
			);
			runOnlyForDeploymentPostprocessing = 0;
		};
		A5D36B5A27338ECA00A05948 /* Sources */ = {
			isa = PBXSourcesBuildPhase;
			buildActionMask = 2147483647;
			files = (
				A5D36B6327338ECA00A05948 /* PrototipoUITests.swift in Sources */,
			);
			runOnlyForDeploymentPostprocessing = 0;
		};
/* End PBXSourcesBuildPhase section */

/* Begin PBXTargetDependency section */
		A5D36B5527338ECA00A05948 /* PBXTargetDependency */ = {
			isa = PBXTargetDependency;
			target = A5D36B3C27338EC800A05948 /* Prototipo */;
			targetProxy = A5D36B5427338ECA00A05948 /* PBXContainerItemProxy */;
		};
		A5D36B6027338ECA00A05948 /* PBXTargetDependency */ = {
			isa = PBXTargetDependency;
			target = A5D36B3C27338EC800A05948 /* Prototipo */;
			targetProxy = A5D36B5F27338ECA00A05948 /* PBXContainerItemProxy */;
		};
/* End PBXTargetDependency section */

/* Begin PBXVariantGroup section */
		A5D36B4B27338ECA00A05948 /* LaunchScreen.storyboard */ = {
			isa = PBXVariantGroup;
			children = (
				A5D36B4C27338ECA00A05948 /* Base */,
			);
			name = LaunchScreen.storyboard;
			sourceTree = "<group>";
		};
/* End PBXVariantGroup section */

/* Begin XCBuildConfiguration section */
		A5D36B6527338ECA00A05948 /* Debug */ = {
			isa = XCBuildConfiguration;
			buildSettings = {
				ALWAYS_SEARCH_USER_PATHS = NO;
				CLANG_ANALYZER_NONNULL = YES;
				CLANG_ANALYZER_NUMBER_OBJECT_CONVERSION = YES_AGGRESSIVE;
				CLANG_CXX_LANGUAGE_STANDARD = "gnu++14";
				CLANG_CXX_LIBRARY = "libc++";
				CLANG_ENABLE_MODULES = YES;
				CLANG_ENABLE_OBJC_ARC = YES;
				CLANG_ENABLE_OBJC_WEAK = YES;
				CLANG_WARN_BLOCK_CAPTURE_AUTORELEASING = YES;
				CLANG_WARN_BOOL_CONVERSION = YES;
				CLANG_WARN_COMMA = YES;
				CLANG_WARN_CONSTANT_CONVERSION = YES;
				CLANG_WARN_DEPRECATED_OBJC_IMPLEMENTATIONS = YES;
				CLANG_WARN_DIRECT_OBJC_ISA_USAGE = YES_ERROR;
				CLANG_WARN_DOCUMENTATION_COMMENTS = YES;
				CLANG_WARN_EMPTY_BODY = YES;
				CLANG_WARN_ENUM_CONVERSION = YES;
				CLANG_WARN_INFINITE_RECURSION = YES;
				CLANG_WARN_INT_CONVERSION = YES;
				CLANG_WARN_NON_LITERAL_NULL_CONVERSION = YES;
				CLANG_WARN_OBJC_IMPLICIT_RETAIN_SELF = YES;
				CLANG_WARN_OBJC_LITERAL_CONVERSION = YES;
				CLANG_WARN_OBJC_ROOT_CLASS = YES_ERROR;
				CLANG_WARN_RANGE_LOOP_ANALYSIS = YES;
				CLANG_WARN_STRICT_PROTOTYPES = YES;
				CLANG_WARN_SUSPICIOUS_MOVE = YES;
				CLANG_WARN_UNGUARDED_AVAILABILITY = YES_AGGRESSIVE;
				CLANG_WARN_UNREACHABLE_CODE = YES;
				CLANG_WARN__DUPLICATE_METHOD_MATCH = YES;
				COPY_PHASE_STRIP = NO;
				DEBUG_INFORMATION_FORMAT = dwarf;
				ENABLE_STRICT_OBJC_MSGSEND = YES;
				ENABLE_TESTABILITY = YES;
				GCC_C_LANGUAGE_STANDARD = gnu11;
				GCC_DYNAMIC_NO_PIC = NO;
				GCC_NO_COMMON_BLOCKS = YES;
				GCC_OPTIMIZATION_LEVEL = 0;
				GCC_PREPROCESSOR_DEFINITIONS = (
					"DEBUG=1",
					"$(inherited)",
				);
				GCC_WARN_64_TO_32_BIT_CONVERSION = YES;
				GCC_WARN_ABOUT_RETURN_TYPE = YES_ERROR;
				GCC_WARN_UNDECLARED_SELECTOR = YES;
				GCC_WARN_UNINITIALIZED_AUTOS = YES_AGGRESSIVE;
				GCC_WARN_UNUSED_FUNCTION = YES;
				GCC_WARN_UNUSED_VARIABLE = YES;
				IPHONEOS_DEPLOYMENT_TARGET = 13.2;
				MTL_ENABLE_DEBUG_INFO = INCLUDE_SOURCE;
				MTL_FAST_MATH = YES;
				ONLY_ACTIVE_ARCH = YES;
				SDKROOT = iphoneos;
				SWIFT_ACTIVE_COMPILATION_CONDITIONS = DEBUG;
				SWIFT_OPTIMIZATION_LEVEL = "-Onone";
			};
			name = Debug;
		};
		A5D36B6627338ECA00A05948 /* Release */ = {
			isa = XCBuildConfiguration;
			buildSettings = {
				ALWAYS_SEARCH_USER_PATHS = NO;
				CLANG_ANALYZER_NONNULL = YES;
				CLANG_ANALYZER_NUMBER_OBJECT_CONVERSION = YES_AGGRESSIVE;
				CLANG_CXX_LANGUAGE_STANDARD = "gnu++14";
				CLANG_CXX_LIBRARY = "libc++";
				CLANG_ENABLE_MODULES = YES;
				CLANG_ENABLE_OBJC_ARC = YES;
				CLANG_ENABLE_OBJC_WEAK = YES;
				CLANG_WARN_BLOCK_CAPTURE_AUTORELEASING = YES;
				CLANG_WARN_BOOL_CONVERSION = YES;
				CLANG_WARN_COMMA = YES;
				CLANG_WARN_CONSTANT_CONVERSION = YES;
				CLANG_WARN_DEPRECATED_OBJC_IMPLEMENTATIONS = YES;
				CLANG_WARN_DIRECT_OBJC_ISA_USAGE = YES_ERROR;
				CLANG_WARN_DOCUMENTATION_COMMENTS = YES;
				CLANG_WARN_EMPTY_BODY = YES;
				CLANG_WARN_ENUM_CONVERSION = YES;
				CLANG_WARN_INFINITE_RECURSION = YES;
				CLANG_WARN_INT_CONVERSION = YES;
				CLANG_WARN_NON_LITERAL_NULL_CONVERSION = YES;
				CLANG_WARN_OBJC_IMPLICIT_RETAIN_SELF = YES;
				CLANG_WARN_OBJC_LITERAL_CONVERSION = YES;
				CLANG_WARN_OBJC_ROOT_CLASS = YES_ERROR;
				CLANG_WARN_RANGE_LOOP_ANALYSIS = YES;
				CLANG_WARN_STRICT_PROTOTYPES = YES;
				CLANG_WARN_SUSPICIOUS_MOVE = YES;
				CLANG_WARN_UNGUARDED_AVAILABILITY = YES_AGGRESSIVE;
				CLANG_WARN_UNREACHABLE_CODE = YES;
				CLANG_WARN__DUPLICATE_METHOD_MATCH = YES;
				COPY_PHASE_STRIP = NO;
				DEBUG_INFORMATION_FORMAT = "dwarf-with-dsym";
				ENABLE_NS_ASSERTIONS = NO;
				ENABLE_STRICT_OBJC_MSGSEND = YES;
				GCC_C_LANGUAGE_STANDARD = gnu11;
				GCC_NO_COMMON_BLOCKS = YES;
				GCC_WARN_64_TO_32_BIT_CONVERSION = YES;
				GCC_WARN_ABOUT_RETURN_TYPE = YES_ERROR;
				GCC_WARN_UNDECLARED_SELECTOR = YES;
				GCC_WARN_UNINITIALIZED_AUTOS = YES_AGGRESSIVE;
				GCC_WARN_UNUSED_FUNCTION = YES;
				GCC_WARN_UNUSED_VARIABLE = YES;
				IPHONEOS_DEPLOYMENT_TARGET = 13.2;
				MTL_ENABLE_DEBUG_INFO = NO;
				MTL_FAST_MATH = YES;
				SDKROOT = iphoneos;
				SWIFT_COMPILATION_MODE = wholemodule;
				SWIFT_OPTIMIZATION_LEVEL = "-O";
				VALIDATE_PRODUCT = YES;
			};
			name = Release;
		};
		A5D36B6827338ECA00A05948 /* Debug */ = {
			isa = XCBuildConfiguration;
			buildSettings = {
				ASSETCATALOG_COMPILER_APPICON_NAME = AppIcon;
				CODE_SIGN_STYLE = Automatic;
				DEVELOPMENT_ASSET_PATHS = "\"Prototipo/Preview Content\"";
				ENABLE_PREVIEWS = YES;
				INFOPLIST_FILE = Prototipo/Info.plist;
				LD_RUNPATH_SEARCH_PATHS = (
					"$(inherited)",
					"@executable_path/Frameworks",
				);
				PRODUCT_BUNDLE_IDENTIFIER = Act8.Prototipo;
				PRODUCT_NAME = "$(TARGET_NAME)";
				SWIFT_VERSION = 5.0;
				TARGETED_DEVICE_FAMILY = "1,2";
			};
			name = Debug;
		};
		A5D36B6927338ECA00A05948 /* Release */ = {
			isa = XCBuildConfiguration;
			buildSettings = {
				ASSETCATALOG_COMPILER_APPICON_NAME = AppIcon;
				CODE_SIGN_STYLE = Automatic;
				DEVELOPMENT_ASSET_PATHS = "\"Prototipo/Preview Content\"";
				ENABLE_PREVIEWS = YES;
				INFOPLIST_FILE = Prototipo/Info.plist;
				LD_RUNPATH_SEARCH_PATHS = (
					"$(inherited)",
					"@executable_path/Frameworks",
				);
				PRODUCT_BUNDLE_IDENTIFIER = Act8.Prototipo;
				PRODUCT_NAME = "$(TARGET_NAME)";
				SWIFT_VERSION = 5.0;
				TARGETED_DEVICE_FAMILY = "1,2";
			};
			name = Release;
		};
		A5D36B6B27338ECA00A05948 /* Debug */ = {
			isa = XCBuildConfiguration;
			buildSettings = {
				ALWAYS_EMBED_SWIFT_STANDARD_LIBRARIES = YES;
				BUNDLE_LOADER = "$(TEST_HOST)";
				CODE_SIGN_STYLE = Automatic;
				INFOPLIST_FILE = PrototipoTests/Info.plist;
				IPHONEOS_DEPLOYMENT_TARGET = 13.2;
				LD_RUNPATH_SEARCH_PATHS = (
					"$(inherited)",
					"@executable_path/Frameworks",
					"@loader_path/Frameworks",
				);
				PRODUCT_BUNDLE_IDENTIFIER = Act8.PrototipoTests;
				PRODUCT_NAME = "$(TARGET_NAME)";
				SWIFT_VERSION = 5.0;
				TARGETED_DEVICE_FAMILY = "1,2";
				TEST_HOST = "$(BUILT_PRODUCTS_DIR)/Prototipo.app/Prototipo";
			};
			name = Debug;
		};
		A5D36B6C27338ECA00A05948 /* Release */ = {
			isa = XCBuildConfiguration;
			buildSettings = {
				ALWAYS_EMBED_SWIFT_STANDARD_LIBRARIES = YES;
				BUNDLE_LOADER = "$(TEST_HOST)";
				CODE_SIGN_STYLE = Automatic;
				INFOPLIST_FILE = PrototipoTests/Info.plist;
				IPHONEOS_DEPLOYMENT_TARGET = 13.2;
				LD_RUNPATH_SEARCH_PATHS = (
					"$(inherited)",
					"@executable_path/Frameworks",
					"@loader_path/Frameworks",
				);
				PRODUCT_BUNDLE_IDENTIFIER = Act8.PrototipoTests;
				PRODUCT_NAME = "$(TARGET_NAME)";
				SWIFT_VERSION = 5.0;
				TARGETED_DEVICE_FAMILY = "1,2";
				TEST_HOST = "$(BUILT_PRODUCTS_DIR)/Prototipo.app/Prototipo";
			};
			name = Release;
		};
		A5D36B6E27338ECA00A05948 /* Debug */ = {
			isa = XCBuildConfiguration;
			buildSettings = {
				ALWAYS_EMBED_SWIFT_STANDARD_LIBRARIES = YES;
				CODE_SIGN_STYLE = Automatic;
				INFOPLIST_FILE = PrototipoUITests/Info.plist;
				LD_RUNPATH_SEARCH_PATHS = (
					"$(inherited)",
					"@executable_path/Frameworks",
					"@loader_path/Frameworks",
				);
				PRODUCT_BUNDLE_IDENTIFIER = Act8.PrototipoUITests;
				PRODUCT_NAME = "$(TARGET_NAME)";
				SWIFT_VERSION = 5.0;
				TARGETED_DEVICE_FAMILY = "1,2";
				TEST_TARGET_NAME = Prototipo;
			};
			name = Debug;
		};
		A5D36B6F27338ECA00A05948 /* Release */ = {
			isa = XCBuildConfiguration;
			buildSettings = {
				ALWAYS_EMBED_SWIFT_STANDARD_LIBRARIES = YES;
				CODE_SIGN_STYLE = Automatic;
				INFOPLIST_FILE = PrototipoUITests/Info.plist;
				LD_RUNPATH_SEARCH_PATHS = (
					"$(inherited)",
					"@executable_path/Frameworks",
					"@loader_path/Frameworks",
				);
				PRODUCT_BUNDLE_IDENTIFIER = Act8.PrototipoUITests;
				PRODUCT_NAME = "$(TARGET_NAME)";
				SWIFT_VERSION = 5.0;
				TARGETED_DEVICE_FAMILY = "1,2";
				TEST_TARGET_NAME = Prototipo;
			};
			name = Release;
		};
/* End XCBuildConfiguration section */

/* Begin XCConfigurationList section */
		A5D36B3827338EC800A05948 /* Build configuration list for PBXProject "Prototipo" */ = {
			isa = XCConfigurationList;
			buildConfigurations = (
				A5D36B6527338ECA00A05948 /* Debug */,
				A5D36B6627338ECA00A05948 /* Release */,
			);
			defaultConfigurationIsVisible = 0;
			defaultConfigurationName = Release;
		};
		A5D36B6727338ECA00A05948 /* Build configuration list for PBXNativeTarget "Prototipo" */ = {
			isa = XCConfigurationList;
			buildConfigurations = (
				A5D36B6827338ECA00A05948 /* Debug */,
				A5D36B6927338ECA00A05948 /* Release */,
			);
			defaultConfigurationIsVisible = 0;
			defaultConfigurationName = Release;
		};
		A5D36B6A27338ECA00A05948 /* Build configuration list for PBXNativeTarget "PrototipoTests" */ = {
			isa = XCConfigurationList;
			buildConfigurations = (
				A5D36B6B27338ECA00A05948 /* Debug */,
				A5D36B6C27338ECA00A05948 /* Release */,
			);
			defaultConfigurationIsVisible = 0;
			defaultConfigurationName = Release;
		};
		A5D36B6D27338ECA00A05948 /* Build configuration list for PBXNativeTarget "PrototipoUITests" */ = {
			isa = XCConfigurationList;
			buildConfigurations = (
				A5D36B6E27338ECA00A05948 /* Debug */,
				A5D36B6F27338ECA00A05948 /* Release */,
			);
			defaultConfigurationIsVisible = 0;
			defaultConfigurationName = Release;
		};
/* End XCConfigurationList section */
	};
	rootObject = A5D36B3527338EC800A05948 /* Project object */;
}
